{
  "name": "lambda",
  "version": "0.1.0",
  "lockfileVersion": 1,
  "requires": true,
  "dependencies": {
    "@aws-cdk/assets": {
      "version": "1.32.2",
      "resolved": "https://registry.npmjs.org/@aws-cdk/assets/-/assets-1.32.2.tgz",
      "integrity": "sha512-GOAGU2yHpXfBkzDRGZbVKoT717Huvhczmqj0KCkM83Sh4mCf43cdIMennMU1kGsvZAOS7QC1O/Xps+1KHqerkg==",
      "requires": {
        "@aws-cdk/core": "1.32.2",
        "@aws-cdk/cx-api": "1.32.2",
        "constructs": "^2.0.0",
        "minimatch": "^3.0.4"
      },
      "dependencies": {
        "balanced-match": {
          "version": "1.0.0",
          "bundled": true
        },
        "brace-expansion": {
          "version": "1.1.11",
          "bundled": true,
          "requires": {
            "balanced-match": "^1.0.0",
            "concat-map": "0.0.1"
          }
        },
        "concat-map": {
          "version": "0.0.1",
          "bundled": true
        },
        "minimatch": {
          "version": "3.0.4",
          "bundled": true,
          "requires": {
            "brace-expansion": "^1.1.7"
          }
        }
      }
    },
    "@aws-cdk/aws-cloudwatch": {
      "version": "1.32.2",
      "resolved": "https://registry.npmjs.org/@aws-cdk/aws-cloudwatch/-/aws-cloudwatch-1.32.2.tgz",
      "integrity": "sha512-QbrkIKqs6hn5SnFFdVzZTx09Esr3Kd7md/Nrkq96vfp8UVW0d+6sTUZdeXppF+qvu8WOGradZWOKUd6RwPfyyg==",
      "requires": {
        "@aws-cdk/aws-iam": "1.32.2",
        "@aws-cdk/core": "1.32.2",
        "constructs": "^2.0.0"
      }
    },
    "@aws-cdk/aws-ec2": {
      "version": "1.32.2",
      "resolved": "https://registry.npmjs.org/@aws-cdk/aws-ec2/-/aws-ec2-1.32.2.tgz",
      "integrity": "sha512-hYEWRYsXH+6QBx6OZH3wvUTKYeu9qnVdOsi1v4JHyfhGLeAvQIhSGTq9G2HtEyRs68svlJivAbDoYexaI3mFHg==",
      "requires": {
        "@aws-cdk/aws-cloudwatch": "1.32.2",
        "@aws-cdk/aws-iam": "1.32.2",
        "@aws-cdk/aws-logs": "1.32.2",
        "@aws-cdk/aws-s3": "1.32.2",
        "@aws-cdk/aws-ssm": "1.32.2",
        "@aws-cdk/core": "1.32.2",
        "@aws-cdk/cx-api": "1.32.2",
        "constructs": "^2.0.0"
      }
    },
    "@aws-cdk/aws-events": {
      "version": "1.32.2",
      "resolved": "https://registry.npmjs.org/@aws-cdk/aws-events/-/aws-events-1.32.2.tgz",
      "integrity": "sha512-HmgngkQVE8ePAfy62dMb6bFzLT2XywrNb7JkcOk/u8VOCdWxMX10fk3YjMoNBknYdMaPolvDFPFURkWCsoMOSw==",
      "requires": {
        "@aws-cdk/aws-iam": "1.32.2",
        "@aws-cdk/core": "1.32.2",
        "constructs": "^2.0.0"
      }
    },
    "@aws-cdk/aws-iam": {
      "version": "1.32.2",
      "resolved": "https://registry.npmjs.org/@aws-cdk/aws-iam/-/aws-iam-1.32.2.tgz",
      "integrity": "sha512-fRFQCUBH7L3xUfzFExB2UCfv8bc5yxUbWh9oOqy3uawSP9g6eqgZZutCUp2qkCFfuJFe/gbFIWacpqvM9rQ7Sg==",
      "requires": {
        "@aws-cdk/core": "1.32.2",
        "@aws-cdk/region-info": "1.32.2",
        "constructs": "^2.0.0"
      }
    },
    "@aws-cdk/aws-kms": {
      "version": "1.32.2",
      "resolved": "https://registry.npmjs.org/@aws-cdk/aws-kms/-/aws-kms-1.32.2.tgz",
      "integrity": "sha512-yjINmHXSd5r/XpqGuW0W5memx/LFMb4gKASDSbQPP4KZsP3xlJBQ1+t+ONeVe5iCJpAnh8uTCRNxgZ6CpopOrQ==",
      "requires": {
        "@aws-cdk/aws-iam": "1.32.2",
        "@aws-cdk/core": "1.32.2",
        "constructs": "^2.0.0"
      }
    },
    "@aws-cdk/aws-lambda": {
      "version": "1.32.2",
      "resolved": "https://registry.npmjs.org/@aws-cdk/aws-lambda/-/aws-lambda-1.32.2.tgz",
      "integrity": "sha512-CXHhpYySI6osPQH05Pr4NbkI9zYjtBQSOC+P9jCbp29mRDw2H7hyMgAjKpfrdnjXfUB5uR9dObrxxTIHG3Nwkw==",
      "requires": {
        "@aws-cdk/aws-cloudwatch": "1.32.2",
        "@aws-cdk/aws-ec2": "1.32.2",
        "@aws-cdk/aws-events": "1.32.2",
        "@aws-cdk/aws-iam": "1.32.2",
        "@aws-cdk/aws-logs": "1.32.2",
        "@aws-cdk/aws-s3": "1.32.2",
        "@aws-cdk/aws-s3-assets": "1.32.2",
        "@aws-cdk/aws-sqs": "1.32.2",
        "@aws-cdk/core": "1.32.2",
        "@aws-cdk/cx-api": "1.32.2",
        "constructs": "^2.0.0"
      }
    },
    "@aws-cdk/aws-logs": {
      "version": "1.32.2",
      "resolved": "https://registry.npmjs.org/@aws-cdk/aws-logs/-/aws-logs-1.32.2.tgz",
      "integrity": "sha512-wgR/OUraOumK9DCktO0w3+8W1pLm/9nwuYurigzahQTBZ35ueJfy7xUJ1yybjE5pGEV60IC+ps82hKCRK67obw==",
      "requires": {
        "@aws-cdk/aws-cloudwatch": "1.32.2",
        "@aws-cdk/aws-iam": "1.32.2",
        "@aws-cdk/core": "1.32.2",
        "constructs": "^2.0.0"
      }
    },
    "@aws-cdk/aws-s3": {
      "version": "1.32.2",
      "resolved": "https://registry.npmjs.org/@aws-cdk/aws-s3/-/aws-s3-1.32.2.tgz",
      "integrity": "sha512-11Jxbo7e1V9HkGzJB2mr+VPUyf98D7rFKK4hGaXMicXQE4o1OLuTvGdU4Zw/EmlmGQf5PtCLHBhzy9au+Bnekw==",
      "requires": {
        "@aws-cdk/aws-events": "1.32.2",
        "@aws-cdk/aws-iam": "1.32.2",
        "@aws-cdk/aws-kms": "1.32.2",
        "@aws-cdk/core": "1.32.2",
        "constructs": "^2.0.0"
      }
    },
    "@aws-cdk/aws-s3-assets": {
      "version": "1.32.2",
      "resolved": "https://registry.npmjs.org/@aws-cdk/aws-s3-assets/-/aws-s3-assets-1.32.2.tgz",
      "integrity": "sha512-Tm+957UkyxJAznvSTbOR7aZ1kcukXLm8Ya/jvaz/rX39j4B57sPA+OwGyiSRSVJ9E7JvfGRyht9nVf2JW9o8Ng==",
      "requires": {
        "@aws-cdk/assets": "1.32.2",
        "@aws-cdk/aws-iam": "1.32.2",
        "@aws-cdk/aws-s3": "1.32.2",
        "@aws-cdk/core": "1.32.2",
        "@aws-cdk/cx-api": "1.32.2",
        "constructs": "^2.0.0"
      }
    },
    "@aws-cdk/aws-sqs": {
      "version": "1.32.2",
      "resolved": "https://registry.npmjs.org/@aws-cdk/aws-sqs/-/aws-sqs-1.32.2.tgz",
      "integrity": "sha512-W82cMHO5OsNrapB5gjF+Gw/mOQahug5BZWAJ0AZ0BFyPJr/p30zCjIkJpmC1Ep9WtZCkichC+TJxvt3YJSLRPQ==",
      "requires": {
        "@aws-cdk/aws-cloudwatch": "1.32.2",
        "@aws-cdk/aws-iam": "1.32.2",
        "@aws-cdk/aws-kms": "1.32.2",
        "@aws-cdk/core": "1.32.2",
        "constructs": "^2.0.0"
      }
    },
    "@aws-cdk/aws-ssm": {
      "version": "1.32.2",
      "resolved": "https://registry.npmjs.org/@aws-cdk/aws-ssm/-/aws-ssm-1.32.2.tgz",
      "integrity": "sha512-sW68/G9NYf3+DsTDDGdT6pKMsujeH0Th8DFMFPl1BCD9wB5EVoS9dNUzKRzuNVHlwgtuSObI3XeWDza6UMy1wQ==",
      "requires": {
        "@aws-cdk/aws-iam": "1.32.2",
        "@aws-cdk/aws-kms": "1.32.2",
        "@aws-cdk/core": "1.32.2",
        "@aws-cdk/cx-api": "1.32.2",
        "constructs": "^2.0.0"
      }
    },
    "@aws-cdk/core": {
      "version": "1.32.2",
      "resolved": "https://registry.npmjs.org/@aws-cdk/core/-/core-1.32.2.tgz",
      "integrity": "sha512-gO+LpoGvToUwOGUhEsUAFAuRMjFhQvpbsurzJCEYFs/Je0vHX+b63iC4fkf74aZVHemKkDKY+xdzEAwIvIJB6Q==",
      "requires": {
        "@aws-cdk/cx-api": "1.32.2",
        "constructs": "^2.0.0"
      }
    },
    "@aws-cdk/cx-api": {
      "version": "1.32.2",
      "resolved": "https://registry.npmjs.org/@aws-cdk/cx-api/-/cx-api-1.32.2.tgz",
      "integrity": "sha512-+QRa35r/54TTwegy8sLZLIwo1kAlQfYQtJ8KvlpapK7jvwJpbdQYjbPR/n0dYVmlTNb/R5Wb9+ulr5EYfJlXUw==",
      "requires": {
        "semver": "^7.2.1"
      },
      "dependencies": {
        "semver": {
          "version": "7.2.1",
          "bundled": true
        }
      }
    },
    "@aws-cdk/region-info": {
      "version": "1.32.2",
      "resolved": "https://registry.npmjs.org/@aws-cdk/region-info/-/region-info-1.32.2.tgz",
      "integrity": "sha512-ssXm6oWpghBWQPOVHf7TZqjcYiLMqc6K7pNGbZYn/Lm7d1HMtAFoOZAsREoVluACWYRPrG/lT17zZzb5ArKObg=="
    },
    "@types/aws-lambda": {
      "version": "8.10.50",
      "resolved": "https://registry.npmjs.org/@types/aws-lambda/-/aws-lambda-8.10.50.tgz",
      "integrity": "sha512-RDzmQ5mO1f0BViKiuOudENZmoCACEa461nTRVtxhsAiEqGCgwdhCYN0aFgk42X5+ELAiqJKbv2mK0LkopYRYQg==",
      "dev": true
    },
    "@types/bson": {
      "version": "4.0.1",
      "resolved": "https://registry.npmjs.org/@types/bson/-/bson-4.0.1.tgz",
      "integrity": "sha512-K6VAEdLVJFBxKp8m5cRTbUfeZpuSvOuLKJLrgw9ANIXo00RiyGzgH4BKWWR4F520gV4tWmxG7q9sKQRVDuzrBw==",
      "dev": true,
      "requires": {
        "@types/node": "*"
      }
    },
    "@types/mongodb": {
      "version": "3.3.16",
      "resolved": "https://registry.npmjs.org/@types/mongodb/-/mongodb-3.3.16.tgz",
      "integrity": "sha512-i1Ov36BXdp+urtPsaSvrNfCdsaVn4Ukq1m1kGyzdWB1+eg3gJ68unXU5LNmnF4EAMRFY6FXZzA7/W3NST40b8g==",
      "dev": true,
      "requires": {
        "@types/bson": "*",
        "@types/node": "*"
      }
    },
    "@types/node": {
      "version": "13.7.6",
      "resolved": "https://registry.npmjs.org/@types/node/-/node-13.7.6.tgz",
      "integrity": "sha512-eyK7MWD0R1HqVTp+PtwRgFeIsemzuj4gBFSQxfPHY5iMjS7474e5wq+VFgTcdpyHeNxyKSaetYAjdMLJlKoWqA==",
      "dev": true
    },
    "argparse": {
      "version": "1.0.10",
      "resolved": "https://registry.npmjs.org/argparse/-/argparse-1.0.10.tgz",
      "integrity": "sha512-o5Roy6tNG4SL/FOkCAN6RzjiakZS25RLYFrcMttJqbdd8BWrnA+fGz57iN5Pb06pvBGvl5gQ0B48dJlslXvoTg==",
      "requires": {
        "sprintf-js": "~1.0.2"
      }
    },
    "aws-lambda": {
      "version": "1.0.5",
      "resolved": "https://registry.npmjs.org/aws-lambda/-/aws-lambda-1.0.5.tgz",
      "integrity": "sha512-rRBZT5mitbeb/qdqHrFiymFQ8k+uc8WlN2Y16OhsCEZzYHKRqFzRirO7gIozDohNuu7T27S6w88KBFpI0cS1NQ==",
      "requires": {
        "aws-sdk": "*",
        "commander": "^3.0.2",
        "js-yaml": "^3.13.1",
        "watchpack": "^2.0.0-beta.10"
      }
    },
    "aws-sdk": {
      "version": "2.657.0",
      "resolved": "https://registry.npmjs.org/aws-sdk/-/aws-sdk-2.657.0.tgz",
      "integrity": "sha512-CGxnYEFkZwIflH0cnylMtyNNmjkQIK5gG9L0MRGha4ANSogBrCXfWcjSWP1ziDK0FhRBAyJVdMX0il/kW4ya+A==",
      "requires": {
        "buffer": "4.9.1",
        "events": "1.1.1",
        "ieee754": "1.1.13",
        "jmespath": "0.15.0",
        "querystring": "0.2.0",
        "sax": "1.2.1",
        "url": "0.10.3",
        "uuid": "3.3.2",
        "xml2js": "0.4.19"
      }
    },
    "axios": {
      "version": "0.19.2",
      "resolved": "https://registry.npmjs.org/axios/-/axios-0.19.2.tgz",
      "integrity": "sha512-fjgm5MvRHLhx+osE2xoekY70AhARk3a6hkN+3Io1jc00jtquGvxYlKlsFUhmUET0V5te6CcZI7lcv2Ym61mjHA==",
      "requires": {
        "follow-redirects": "1.5.10"
      }
    },
    "base64-js": {
      "version": "1.3.1",
      "resolved": "https://registry.npmjs.org/base64-js/-/base64-js-1.3.1.tgz",
      "integrity": "sha512-mLQ4i2QO1ytvGWFWmcngKO//JXAQueZvwEKtjgQFM4jIK0kU+ytMfplL8j+n5mspOfjHwoAg+9yhb7BwAHm36g=="
    },
    "bl": {
      "version": "2.2.0",
      "resolved": "https://registry.npmjs.org/bl/-/bl-2.2.0.tgz",
      "integrity": "sha512-wbgvOpqopSr7uq6fJrLH8EsvYMJf9gzfo2jCsL2eTy75qXPukA4pCgHamOQkZtY5vmfVtjB+P3LNlMHW5CEZXA==",
      "requires": {
        "readable-stream": "^2.3.5",
        "safe-buffer": "^5.1.1"
      }
    },
    "bson": {
      "version": "1.1.3",
      "resolved": "https://registry.npmjs.org/bson/-/bson-1.1.3.tgz",
      "integrity": "sha512-TdiJxMVnodVS7r0BdL42y/pqC9cL2iKynVwA0Ho3qbsQYr428veL3l7BQyuqiw+Q5SqqoT0m4srSY/BlZ9AxXg=="
    },
    "buffer": {
      "version": "4.9.1",
      "resolved": "https://registry.npmjs.org/buffer/-/buffer-4.9.1.tgz",
      "integrity": "sha1-bRu2AbB6TvztlwlBMgkwJ8lbwpg=",
      "requires": {
        "base64-js": "^1.0.2",
        "ieee754": "^1.1.4",
        "isarray": "^1.0.0"
      }
    },
    "commander": {
      "version": "3.0.2",
      "resolved": "https://registry.npmjs.org/commander/-/commander-3.0.2.tgz",
      "integrity": "sha512-Gar0ASD4BDyKC4hl4DwHqDrmvjoxWKZigVnAbn5H1owvm4CxCPdb0HQDehwNYMJpla5+M2tPmPARzhtYuwpHow=="
    },
    "constructs": {
      "version": "2.0.1",
      "resolved": "https://registry.npmjs.org/constructs/-/constructs-2.0.1.tgz",
      "integrity": "sha512-edR85YFGI9TBT9byAo5vAfI0PRi+jFGzinwN3RAJwKfv6Yc9x9kALYfoEmgotp95qT7/k/iUQWHrH9BMJeqpdg=="
    },
    "core-util-is": {
      "version": "1.0.2",
      "resolved": "https://registry.npmjs.org/core-util-is/-/core-util-is-1.0.2.tgz",
      "integrity": "sha1-tf1UIgqivFq1eqtxQMlAdUUDwac="
    },
    "debug": {
      "version": "3.1.0",
      "resolved": "https://registry.npmjs.org/debug/-/debug-3.1.0.tgz",
      "integrity": "sha512-OX8XqP7/1a9cqkxYw2yXss15f26NKWBpDXQd0/uK/KPqdQhxbPa994hnzjcE2VqQpDslf55723cKPUOGSmMY3g==",
      "requires": {
        "ms": "2.0.0"
      }
    },
    "denque": {
      "version": "1.4.1",
      "resolved": "https://registry.npmjs.org/denque/-/denque-1.4.1.tgz",
      "integrity": "sha512-OfzPuSZKGcgr96rf1oODnfjqBFmr1DVoc/TrItj3Ohe0Ah1C5WX5Baquw/9U9KovnQ88EqmJbD66rKYUQYN1tQ=="
    },
    "esprima": {
      "version": "4.0.1",
      "resolved": "https://registry.npmjs.org/esprima/-/esprima-4.0.1.tgz",
      "integrity": "sha512-eGuFFw7Upda+g4p+QHvnW0RyTX/SVeJBDM/gCtMARO0cLuT2HcEKnTPvhjV6aGeqrCB/sbNop0Kszm0jsaWU4A=="
    },
    "events": {
      "version": "1.1.1",
      "resolved": "https://registry.npmjs.org/events/-/events-1.1.1.tgz",
      "integrity": "sha1-nr23Y1rQmccNzEwqH1AEKI6L2SQ="
    },
    "follow-redirects": {
      "version": "1.5.10",
      "resolved": "https://registry.npmjs.org/follow-redirects/-/follow-redirects-1.5.10.tgz",
      "integrity": "sha512-0V5l4Cizzvqt5D44aTXbFZz+FtyXV1vrDN6qrelxtfYQKW0KO0W2T/hkE8xvGa/540LkZlkaUjO4ailYTFtHVQ==",
      "requires": {
        "debug": "=3.1.0"
      }
    },
    "glob-to-regexp": {
      "version": "0.4.1",
      "resolved": "https://registry.npmjs.org/glob-to-regexp/-/glob-to-regexp-0.4.1.tgz",
      "integrity": "sha512-lkX1HJXwyMcprw/5YUZc2s7DrpAiHB21/V+E1rHUrVNokkvB6bqMzT0VfV6/86ZNabt1k14YOIaT7nDvOX3Iiw=="
    },
    "graceful-fs": {
      "version": "4.2.3",
      "resolved": "https://registry.npmjs.org/graceful-fs/-/graceful-fs-4.2.3.tgz",
      "integrity": "sha512-a30VEBm4PEdx1dRB7MFK7BejejvCvBronbLjht+sHuGYj8PHs7M/5Z+rt5lw551vZ7yfTCj4Vuyy3mSJytDWRQ=="
    },
    "ieee754": {
      "version": "1.1.13",
      "resolved": "https://registry.npmjs.org/ieee754/-/ieee754-1.1.13.tgz",
      "integrity": "sha512-4vf7I2LYV/HaWerSo3XmlMkp5eZ83i+/CDluXi/IGTs/O1sejBNhTtnxzmRZfvOUqj7lZjqHkeTvpgSFDlWZTg=="
    },
    "inherits": {
      "version": "2.0.4",
      "resolved": "https://registry.npmjs.org/inherits/-/inherits-2.0.4.tgz",
      "integrity": "sha512-k/vGaX4/Yla3WzyMCvTQOXYeIHvqOKtnqBduzTHpzpQZzAskKMhZ2K+EnBiSM9zGSoIFeMpXKxa4dYeZIQqewQ=="
    },
    "isarray": {
      "version": "1.0.0",
      "resolved": "https://registry.npmjs.org/isarray/-/isarray-1.0.0.tgz",
      "integrity": "sha1-u5NdSFgsuhaMBoNJV6VKPgcSTxE="
    },
    "jmespath": {
      "version": "0.15.0",
      "resolved": "https://registry.npmjs.org/jmespath/-/jmespath-0.15.0.tgz",
      "integrity": "sha1-o/Iiqarp+Wb10nx5ZRDigJF2Qhc="
    },
    "js-yaml": {
      "version": "3.13.1",
      "resolved": "https://registry.npmjs.org/js-yaml/-/js-yaml-3.13.1.tgz",
      "integrity": "sha512-YfbcO7jXDdyj0DGxYVSlSeQNHbD7XPWvrVWeVUujrQEoZzWJIRrCPoyk6kL6IAjAG2IolMK4T0hNUe0HOUs5Jw==",
      "requires": {
        "argparse": "^1.0.7",
        "esprima": "^4.0.0"
      }
    },
    "memory-pager": {
      "version": "1.5.0",
      "resolved": "https://registry.npmjs.org/memory-pager/-/memory-pager-1.5.0.tgz",
      "integrity": "sha512-ZS4Bp4r/Zoeq6+NLJpP+0Zzm0pR8whtGPf1XExKLJBAczGMnSi3It14OiNCStjQjM6NU1okjQGSxgEZN8eBYKg==",
      "optional": true
    },
    "mongodb": {
      "version": "3.5.4",
      "resolved": "https://registry.npmjs.org/mongodb/-/mongodb-3.5.4.tgz",
      "integrity": "sha512-xGH41Ig4dkSH5ROGezkgDbsgt/v5zbNUwE3TcFsSbDc6Qn3Qil17dhLsESSDDPTiyFDCPJRpfd4887dtsPgKtA==",
      "requires": {
        "bl": "^2.2.0",
        "bson": "^1.1.1",
        "denque": "^1.4.1",
        "require_optional": "^1.0.1",
        "safe-buffer": "^5.1.2",
        "saslprep": "^1.0.0"
      }
    },
    "ms": {
      "version": "2.0.0",
      "resolved": "https://registry.npmjs.org/ms/-/ms-2.0.0.tgz",
      "integrity": "sha1-VgiurfwAvmwpAd9fmGF4jeDVl8g="
    },
    "process-nextick-args": {
      "version": "2.0.1",
      "resolved": "https://registry.npmjs.org/process-nextick-args/-/process-nextick-args-2.0.1.tgz",
      "integrity": "sha512-3ouUOpQhtgrbOa17J7+uxOTpITYWaGP7/AhoR3+A+/1e9skrzelGi/dXzEYyvbxubEF6Wn2ypscTKiKJFFn1ag=="
    },
    "punycode": {
      "version": "1.3.2",
      "resolved": "https://registry.npmjs.org/punycode/-/punycode-1.3.2.tgz",
      "integrity": "sha1-llOgNvt8HuQjQvIyXM7v6jkmxI0="
    },
    "querystring": {
      "version": "0.2.0",
      "resolved": "https://registry.npmjs.org/querystring/-/querystring-0.2.0.tgz",
      "integrity": "sha1-sgmEkgO7Jd+CDadW50cAWHhSFiA="
    },
    "readable-stream": {
      "version": "2.3.7",
      "resolved": "https://registry.npmjs.org/readable-stream/-/readable-stream-2.3.7.tgz",
      "integrity": "sha512-Ebho8K4jIbHAxnuxi7o42OrZgF/ZTNcsZj6nRKyUmkhLFq8CHItp/fy6hQZuZmP/n3yZ9VBUbp4zz/mX8hmYPw==",
      "requires": {
        "core-util-is": "~1.0.0",
        "inherits": "~2.0.3",
        "isarray": "~1.0.0",
        "process-nextick-args": "~2.0.0",
        "safe-buffer": "~5.1.1",
        "string_decoder": "~1.1.1",
        "util-deprecate": "~1.0.1"
      },
      "dependencies": {
        "safe-buffer": {
          "version": "5.1.2",
          "resolved": "https://registry.npmjs.org/safe-buffer/-/safe-buffer-5.1.2.tgz",
          "integrity": "sha512-Gd2UZBJDkXlY7GbJxfsE8/nvKkUEU1G38c1siN6QP6a9PT9MmHB8GnpscSmMJSoF8LOIrt8ud/wPtojys4G6+g=="
        }
      }
    },
    "require_optional": {
      "version": "1.0.1",
      "resolved": "https://registry.npmjs.org/require_optional/-/require_optional-1.0.1.tgz",
      "integrity": "sha512-qhM/y57enGWHAe3v/NcwML6a3/vfESLe/sGM2dII+gEO0BpKRUkWZow/tyloNqJyN6kXSl3RyyM8Ll5D/sJP8g==",
      "requires": {
        "resolve-from": "^2.0.0",
        "semver": "^5.1.0"
      }
    },
    "resolve-from": {
      "version": "2.0.0",
      "resolved": "https://registry.npmjs.org/resolve-from/-/resolve-from-2.0.0.tgz",
      "integrity": "sha1-lICrIOlP+h2egKgEx+oUdhGWa1c="
    },
    "safe-buffer": {
      "version": "5.2.0",
      "resolved": "https://registry.npmjs.org/safe-buffer/-/safe-buffer-5.2.0.tgz",
      "integrity": "sha512-fZEwUGbVl7kouZs1jCdMLdt95hdIv0ZeHg6L7qPeciMZhZ+/gdesW4wgTARkrFWEpspjEATAzUGPG8N2jJiwbg=="
    },
    "saslprep": {
      "version": "1.0.3",
      "resolved": "https://registry.npmjs.org/saslprep/-/saslprep-1.0.3.tgz",
      "integrity": "sha512-/MY/PEMbk2SuY5sScONwhUDsV2p77Znkb/q3nSVstq/yQzYJOH/Azh29p9oJLsl3LnQwSvZDKagDGBsBwSooag==",
      "optional": true,
      "requires": {
        "sparse-bitfield": "^3.0.3"
      }
    },
    "sax": {
      "version": "1.2.1",
      "resolved": "https://registry.npmjs.org/sax/-/sax-1.2.1.tgz",
      "integrity": "sha1-e45lYZCyKOgaZq6nSEgNgozS03o="
    },
    "semver": {
      "version": "5.7.1",
      "resolved": "https://registry.npmjs.org/semver/-/semver-5.7.1.tgz",
      "integrity": "sha512-sauaDf/PZdVgrLTNYHRtpXa1iRiKcaebiKQ1BJdpQlWH2lCvexQdX55snPFyK7QzpudqbCI0qXFfOasHdyNDGQ=="
    },
    "sparse-bitfield": {
      "version": "3.0.3",
      "resolved": "https://registry.npmjs.org/sparse-bitfield/-/sparse-bitfield-3.0.3.tgz",
      "integrity": "sha1-/0rm5oZWBWuks+eSqzM004JzyhE=",
      "optional": true,
      "requires": {
        "memory-pager": "^1.0.2"
      }
    },
    "sprintf-js": {
      "version": "1.0.3",
      "resolved": "https://registry.npmjs.org/sprintf-js/-/sprintf-js-1.0.3.tgz",
      "integrity": "sha1-BOaSb2YolTVPPdAVIDYzuFcpfiw="
    },
    "string_decoder": {
      "version": "1.1.1",
      "resolved": "https://registry.npmjs.org/string_decoder/-/string_decoder-1.1.1.tgz",
      "integrity": "sha512-n/ShnvDi6FHbbVfviro+WojiFzv+s8MPMHBczVePfUpDJLwoLT0ht1l4YwBCbi8pJAveEEdnkHyPyTP/mzRfwg==",
      "requires": {
        "safe-buffer": "~5.1.0"
      },
      "dependencies": {
        "safe-buffer": {
          "version": "5.1.2",
          "resolved": "https://registry.npmjs.org/safe-buffer/-/safe-buffer-5.1.2.tgz",
          "integrity": "sha512-Gd2UZBJDkXlY7GbJxfsE8/nvKkUEU1G38c1siN6QP6a9PT9MmHB8GnpscSmMJSoF8LOIrt8ud/wPtojys4G6+g=="
        }
      }
    },
    "url": {
      "version": "0.10.3",
      "resolved": "https://registry.npmjs.org/url/-/url-0.10.3.tgz",
      "integrity": "sha1-Ah5NnHcF8hu/N9A861h2dAJ3TGQ=",
      "requires": {
        "punycode": "1.3.2",
        "querystring": "0.2.0"
      }
    },
    "util-deprecate": {
      "version": "1.0.2",
      "resolved": "https://registry.npmjs.org/util-deprecate/-/util-deprecate-1.0.2.tgz",
      "integrity": "sha1-RQ1Nyfpw3nMnYvvS1KKJgUGaDM8="
    },
    "uuid": {
      "version": "3.3.2",
      "resolved": "https://registry.npmjs.org/uuid/-/uuid-3.3.2.tgz",
      "integrity": "sha512-yXJmeNaw3DnnKAOKJE51sL/ZaYfWJRl1pK9dr19YFCu0ObS231AB1/LbqTKRAQ5kw8A90rA6fr4riOUpTZvQZA=="
    },
    "watchpack": {
      "version": "2.0.0-beta.13",
      "resolved": "https://registry.npmjs.org/watchpack/-/watchpack-2.0.0-beta.13.tgz",
      "integrity": "sha512-ZEFq2mx/k5qgQwgi6NOm+2ImICb8ngAkA/rZ6oyXZ7SgPn3pncf+nfhYTCrs3lmHwOxnPtGLTOuFLfpSMh1VMA==",
      "requires": {
        "glob-to-regexp": "^0.4.1",
        "graceful-fs": "^4.1.2"
      }
    },
    "xml2js": {
      "version": "0.4.19",
      "resolved": "https://registry.npmjs.org/xml2js/-/xml2js-0.4.19.tgz",
      "integrity": "sha512-esZnJZJOiJR9wWKMyuvSE1y6Dq5LCuJanqhxslH2bxM6duahNZ+HMpCLhBQGZkbX6xRf8x1Y2eJlgt2q3qo49Q==",
      "requires": {
        "sax": ">=0.6.0",
        "xmlbuilder": "~9.0.1"
      }
    },
    "xmlbuilder": {
      "version": "9.0.7",
      "resolved": "https://registry.npmjs.org/xmlbuilder/-/xmlbuilder-9.0.7.tgz",
      "integrity": "sha1-Ey7mPS7FVlxVfiD0wi35rKaGsQ0="
    }
  }
}
